
Microsoft Visual Studio Solution File, Format Version 12.00
# Visual Studio Version 17
VisualStudioVersion = 17.3.32825.248
MinimumVisualStudioVersion = 10.0.40219.1
Project("{FAE04EC0-301F-11D3-BF4B-00C04F79EFBC}") = "EntityFrameWork54.Web", "EntityFrameWork54.Web\EntityFrameWork54.Web.csproj", "{325E89CE-186F-4E37-A33E-C75449B0B88A}"
EndProject
Project("{FAE04EC0-301F-11D3-BF4B-00C04F79EFBC}") = "EntityFrameWork54.Data", "EntityFrameWork54.Data\EntityFrameWork54.Data.csproj", "{754B0326-0B74-41BA-B857-5A6F46CC9F04}"
EndProject
Global
	GlobalSection(SolutionConfigurationPlatforms) = preSolution
		Debug|Any CPU = Debug|Any CPU
		Release|Any CPU = Release|Any CPU
	EndGlobalSection
	GlobalSection(ProjectConfigurationPlatforms) = postSolution
		{325E89CE-186F-4E37-A33E-C75449B0B88A}.Debug|Any CPU.ActiveCfg = Debug|Any CPU
		{325E89CE-186F-4E37-A33E-C75449B0B88A}.Debug|Any CPU.Build.0 = Debug|Any CPU
		{325E89CE-186F-4E37-A33E-C75449B0B88A}.Release|Any CPU.ActiveCfg = Release|Any CPU
		{325E89CE-186F-4E37-A33E-C75449B0B88A}.Release|Any CPU.Build.0 = Release|Any CPU
		{754B0326-0B74-41BA-B857-5A6F46CC9F04}.Debug|Any CPU.ActiveCfg = Debug|Any CPU
		{754B0326-0B74-41BA-B857-5A6F46CC9F04}.Debug|Any CPU.Build.0 = Debug|Any CPU
		{754B0326-0B74-41BA-B857-5A6F46CC9F04}.Release|Any CPU.ActiveCfg = Release|Any CPU
		{754B0326-0B74-41BA-B857-5A6F46CC9F04}.Release|Any CPU.Build.0 = Release|Any CPU
	EndGlobalSection
	GlobalSection(SolutionProperties) = preSolution
		HideSolutionNode = FALSE
	EndGlobalSection
	GlobalSection(ExtensibilityGlobals) = postSolution
		SolutionGuid = {44527048-94A1-43AF-849A-278AB925E6F2}
	EndGlobalSection
EndGlobal
